
Microsoft Visual Studio Solution File, Format Version 12.00
# Visual Studio Version 17
VisualStudioVersion = 17.5.33530.505
MinimumVisualStudioVersion = 10.0.40219.1
Project("{888888A0-9F3D-457C-B088-3A5042F75D52}") = "Alg_lr4_1", "Alg_lr4_1.pyproj", "{78ECE7FA-E45C-4EF4-AA5D-563F57A10F98}"
EndProject
Global
	GlobalSection(SolutionConfigurationPlatforms) = preSolution
		Debug|Any CPU = Debug|Any CPU
		Release|Any CPU = Release|Any CPU
	EndGlobalSection
	GlobalSection(ProjectConfigurationPlatforms) = postSolution
		{78ECE7FA-E45C-4EF4-AA5D-563F57A10F98}.Debug|Any CPU.ActiveCfg = Debug|Any CPU
		{78ECE7FA-E45C-4EF4-AA5D-563F57A10F98}.Release|Any CPU.ActiveCfg = Release|Any CPU
	EndGlobalSection
	GlobalSection(SolutionProperties) = preSolution
		HideSolutionNode = FALSE
	EndGlobalSection
	GlobalSection(ExtensibilityGlobals) = postSolution
		SolutionGuid = {A91C5DBF-B52F-4348-A532-F2551BE57419}
	EndGlobalSection
EndGlobal
